
Microsoft Visual Studio Solution File, Format Version 12.00
# Visual Studio Version 17
VisualStudioVersion = 17.5.002.0
MinimumVisualStudioVersion = 10.0.40219.1
Project("{2150E333-8FDC-42A3-9474-1A3956D46DE8}") = "api", "api", "{C985AD0B-F5A0-451C-A18F-47B82A5BD672}"
EndProject
Project("{9A19103F-16F7-4668-BE54-9A1E7A4F7556}") = "workshop-02", "api\src\workshop-02.csproj", "{8EC9DC60-1977-4F84-A94D-3BBFF6C891D3}"
EndProject
Project("{2150E333-8FDC-42A3-9474-1A3956D46DE8}") = "domain", "domain", "{B6F08EF6-2445-4FA5-A52B-5880D2723643}"
EndProject
Project("{2150E333-8FDC-42A3-9474-1A3956D46DE8}") = "src", "src", "{D6972726-C419-4889-9878-80F68D18C04C}"
EndProject
Project("{9A19103F-16F7-4668-BE54-9A1E7A4F7556}") = "Domain", "domain\src\Domain\Domain.csproj", "{9D991367-7FB2-43B8-A67C-723E3E9D1370}"
EndProject
Global
	GlobalSection(SolutionConfigurationPlatforms) = preSolution
		Debug|Any CPU = Debug|Any CPU
		Release|Any CPU = Release|Any CPU
	EndGlobalSection
	GlobalSection(ProjectConfigurationPlatforms) = postSolution
		{8EC9DC60-1977-4F84-A94D-3BBFF6C891D3}.Debug|Any CPU.ActiveCfg = Debug|Any CPU
		{8EC9DC60-1977-4F84-A94D-3BBFF6C891D3}.Debug|Any CPU.Build.0 = Debug|Any CPU
		{8EC9DC60-1977-4F84-A94D-3BBFF6C891D3}.Release|Any CPU.ActiveCfg = Release|Any CPU
		{8EC9DC60-1977-4F84-A94D-3BBFF6C891D3}.Release|Any CPU.Build.0 = Release|Any CPU
		{9D991367-7FB2-43B8-A67C-723E3E9D1370}.Debug|Any CPU.ActiveCfg = Debug|Any CPU
		{9D991367-7FB2-43B8-A67C-723E3E9D1370}.Debug|Any CPU.Build.0 = Debug|Any CPU
		{9D991367-7FB2-43B8-A67C-723E3E9D1370}.Release|Any CPU.ActiveCfg = Release|Any CPU
		{9D991367-7FB2-43B8-A67C-723E3E9D1370}.Release|Any CPU.Build.0 = Release|Any CPU
	EndGlobalSection
	GlobalSection(SolutionProperties) = preSolution
		HideSolutionNode = FALSE
	EndGlobalSection
	GlobalSection(NestedProjects) = preSolution
		{8EC9DC60-1977-4F84-A94D-3BBFF6C891D3} = {C985AD0B-F5A0-451C-A18F-47B82A5BD672}
		{D6972726-C419-4889-9878-80F68D18C04C} = {B6F08EF6-2445-4FA5-A52B-5880D2723643}
		{9D991367-7FB2-43B8-A67C-723E3E9D1370} = {D6972726-C419-4889-9878-80F68D18C04C}
	EndGlobalSection
	GlobalSection(ExtensibilityGlobals) = postSolution
		SolutionGuid = {DBBF5472-4B21-4226-9E7A-605F42A50A0E}
	EndGlobalSection
EndGlobal
