
Microsoft Visual Studio Solution File, Format Version 12.00
# Visual Studio Version 17
VisualStudioVersion = 17.5.002.0
MinimumVisualStudioVersion = 10.0.40219.1
Project("{2150E333-8FDC-42A3-9474-1A3956D46DE8}") = "api", "api", "{D2AB8EF8-AF15-4A73-B4FE-C0215CEDE982}"
EndProject
Project("{9A19103F-16F7-4668-BE54-9A1E7A4F7556}") = "workshop-02", "api\src\workshop-02.csproj", "{4F92D8C8-466F-4EB3-9BE9-BA0651610654}"
EndProject
Project("{2150E333-8FDC-42A3-9474-1A3956D46DE8}") = "domain", "domain", "{91C4D04E-5652-4FFA-8511-6D026879F86D}"
EndProject
Project("{2150E333-8FDC-42A3-9474-1A3956D46DE8}") = "src", "src", "{E5F503D5-305A-4AEF-BA18-47B34F3F0FE5}"
EndProject
Project("{9A19103F-16F7-4668-BE54-9A1E7A4F7556}") = "Domain", "domain\src\Domain\Domain.csproj", "{6D5DCE80-BFDC-4D1B-BFEF-733974A8BC05}"
EndProject
Global
	GlobalSection(SolutionConfigurationPlatforms) = preSolution
		Debug|Any CPU = Debug|Any CPU
		Release|Any CPU = Release|Any CPU
	EndGlobalSection
	GlobalSection(ProjectConfigurationPlatforms) = postSolution
		{4F92D8C8-466F-4EB3-9BE9-BA0651610654}.Debug|Any CPU.ActiveCfg = Debug|Any CPU
		{4F92D8C8-466F-4EB3-9BE9-BA0651610654}.Debug|Any CPU.Build.0 = Debug|Any CPU
		{4F92D8C8-466F-4EB3-9BE9-BA0651610654}.Release|Any CPU.ActiveCfg = Release|Any CPU
		{4F92D8C8-466F-4EB3-9BE9-BA0651610654}.Release|Any CPU.Build.0 = Release|Any CPU
		{6D5DCE80-BFDC-4D1B-BFEF-733974A8BC05}.Debug|Any CPU.ActiveCfg = Debug|Any CPU
		{6D5DCE80-BFDC-4D1B-BFEF-733974A8BC05}.Debug|Any CPU.Build.0 = Debug|Any CPU
		{6D5DCE80-BFDC-4D1B-BFEF-733974A8BC05}.Release|Any CPU.ActiveCfg = Release|Any CPU
		{6D5DCE80-BFDC-4D1B-BFEF-733974A8BC05}.Release|Any CPU.Build.0 = Release|Any CPU
	EndGlobalSection
	GlobalSection(SolutionProperties) = preSolution
		HideSolutionNode = FALSE
	EndGlobalSection
	GlobalSection(NestedProjects) = preSolution
		{4F92D8C8-466F-4EB3-9BE9-BA0651610654} = {D2AB8EF8-AF15-4A73-B4FE-C0215CEDE982}
		{E5F503D5-305A-4AEF-BA18-47B34F3F0FE5} = {91C4D04E-5652-4FFA-8511-6D026879F86D}
		{6D5DCE80-BFDC-4D1B-BFEF-733974A8BC05} = {E5F503D5-305A-4AEF-BA18-47B34F3F0FE5}
	EndGlobalSection
	GlobalSection(ExtensibilityGlobals) = postSolution
		SolutionGuid = {1A1CE4E3-2CE3-4BE1-B545-62AF91436146}
	EndGlobalSection
EndGlobal
